{
  "name": "Secure-Authentification",
  "lockfileVersion": 3,
  "requires": true,
  "packages": {
    "": {
      "dependencies": {
        "@openpgp/web-stream-tools": "^0.1.3",
        "@types/axios": "^0.9.36",
        "@types/openpgp": "^4.4.22",
        "openpgp": "^6.0.0",
        "undici-types": "^6.21.0"
      }
    },
    "node_modules/@openpgp/web-stream-tools": {
      "version": "0.1.3",
      "resolved": "https://registry.npmjs.org/@openpgp/web-stream-tools/-/web-stream-tools-0.1.3.tgz",
      "integrity": "sha512-mT/ds43cH6c+AO5RFpxs+LkACr7KjC3/dZWHrP6KPrWJu4uJ/XJ+p7telaoYiqUfdjiiIvdNSOfhezW9fkmboQ==",
      "license": "MIT",
      "engines": {
        "node": ">= 18.0.0"
      },
      "peerDependencies": {
        "typescript": ">=4.2"
      },
      "peerDependenciesMeta": {
        "typescript": {
          "optional": true
        }
      }
    },
    "node_modules/@types/axios": {
      "version": "0.9.36",
      "resolved": "https://registry.npmjs.org/@types/axios/-/axios-0.9.36.tgz",
      "integrity": "sha512-NLOpedx9o+rxo/X5ChbdiX6mS1atE4WHmEEIcR9NLenRVa5HoVjAvjafwU3FPTqnZEstpoqCaW7fagqSoTDNeg==",
      "license": "MIT"
    },
    "node_modules/@types/bn.js": {
      "version": "5.1.6",
      "resolved": "https://registry.npmjs.org/@types/bn.js/-/bn.js-5.1.6.tgz",
      "integrity": "sha512-Xh8vSwUeMKeYYrj3cX4lGQgFSF/N03r+tv4AiLl1SucqV+uTQpxRcnM8AkXKHwYP9ZPXOYXRr2KPXpVlIvqh9w==",
      "license": "MIT",
      "dependencies": {
        "@types/node": "*"
      }
    },
    "node_modules/@types/node": {
      "version": "22.9.0",
      "resolved": "https://registry.npmjs.org/@types/node/-/node-22.9.0.tgz",
      "integrity": "sha512-vuyHg81vvWA1Z1ELfvLko2c8f34gyA0zaic0+Rllc5lbCnbSyuvb2Oxpm6TAUAC/2xZN3QGqxBNggD1nNR2AfQ==",
      "license": "MIT",
      "dependencies": {
        "undici-types": "~6.19.8"
      }
    },
    "node_modules/@types/node/node_modules/undici-types": {
      "version": "6.19.8",
      "resolved": "https://registry.npmjs.org/undici-types/-/undici-types-6.19.8.tgz",
      "integrity": "sha512-ve2KP6f/JnbPBFyobGHuerC9g1FYGn/F8n1LWTwNxCEzd6IfqTwUQcNXgEtmmQ6DlRrC1hrSrBnCZPokRrDHjw==",
      "license": "MIT"
    },
    "node_modules/@types/openpgp": {
      "version": "4.4.22",
      "resolved": "https://registry.npmjs.org/@types/openpgp/-/openpgp-4.4.22.tgz",
      "integrity": "sha512-afQsbrWITIcSI3OBBJtTA87H5Av2/bjRn6YBHD+abxqJVpD2HRwjP6DL7drboJcuizwcnwnVKSupXYYdImdIoQ==",
      "license": "MIT",
      "dependencies": {
        "@types/bn.js": "*"
      }
    },
    "node_modules/openpgp": {
      "version": "6.0.0",
      "resolved": "https://registry.npmjs.org/openpgp/-/openpgp-6.0.0.tgz",
      "integrity": "sha512-8YMuhOV6bP8+J4bCHltvRwol1sBJhxAcJXvwEKpcK65lKpQ0VUbymQR/EuGrzxYnatNSyMyrMgip4j/F0vhZvg==",
      "license": "LGPL-3.0+",
      "engines": {
        "node": ">= 18.0.0"
      }
    },
    "node_modules/undici-types": {
      "version": "6.21.0",
      "resolved": "https://registry.npmjs.org/undici-types/-/undici-types-6.21.0.tgz",
      "integrity": "sha512-iwDZqg0QAGrg9Rav5H4n0M64c3mkR59cJ6wQp+7C4nI0gsmExaedaYLNO44eT4AtBBwjbTiGPMlt2Md0T9H9JQ==",
      "license": "MIT"
    }
  }
}
